// !$*UTF8*$!
{
	archiveVersion = 1;
	classes = {
	};
	objectVersion = 77;
	objects = {

/* Begin PBXBuildFile section */
		98B0B5502FD9BBFC00933948 /* ManagedSettings.framework in Frameworks */ = {isa = PBXBuildFile; fileRef = 98B0B54F2FD9BBFC00933948 /* ManagedSettings.framework */; };
		98B0B5522FD9BBFC00933948 /* ManagedSettingsUI.framework in Frameworks */ = {isa = PBXBuildFile; fileRef = 98B0B5512FD9BBFC00933948 /* ManagedSettingsUI.framework */; };
		98B0B55A2FD9BBFC00933948 /* ShieldConfigurationExtension.appex in Embed Foundation Extensions */ = {isa = PBXBuildFile; fileRef = 98B0B54D2FD9BBFC00933948 /* ShieldConfigurationExtension.appex */; settings = {ATTRIBUTES = (RemoveHeadersOnCopy, ); }; };
		98B0B5692FD9BCCC00933948 /* ManagedSettings.framework in Frameworks */ = {isa = PBXBuildFile; fileRef = 98B0B54F2FD9BBFC00933948 /* ManagedSettings.framework */; };
		98B0B5712FD9BCCC00933948 /* ShieldActionExtension.appex in Embed Foundation Extensions */ = {isa = PBXBuildFile; fileRef = 98B0B5682FD9BCCC00933948 /* ShieldActionExtension.appex */; settings = {ATTRIBUTES = (RemoveHeadersOnCopy, ); }; };
		98B0B58A2FDA594900933948 /* DeviceActivity.framework in Frameworks */ = {isa = PBXBuildFile; fileRef = 98B0B5892FDA594900933948 /* DeviceActivity.framework */; };
		98B0B5922FDA594900933948 /* DeviceMonitorActivityExtension.appex in Embed Foundation Extensions */ = {isa = PBXBuildFile; fileRef = 98B0B5882FDA594900933948 /* DeviceMonitorActivityExtension.appex */; settings = {ATTRIBUTES = (RemoveHeadersOnCopy, ); }; };
/* End PBXBuildFile section */

/* Begin PBXContainerItemProxy section */
		98B0B5582FD9BBFC00933948 /* PBXContainerItemProxy */ = {
			isa = PBXContainerItemProxy;
			containerPortal = 9867839D2FA82DC20091CF6D /* Project object */;
			proxyType = 1;
			remoteGlobalIDString = 98B0B54C2FD9BBFC00933948;
			remoteInfo = ShieldConfigurationExtension;
		};
		98B0B56F2FD9BCCC00933948 /* PBXContainerItemProxy */ = {
			isa = PBXContainerItemProxy;
			containerPortal = 9867839D2FA82DC20091CF6D /* Project object */;
			proxyType = 1;
			remoteGlobalIDString = 98B0B5672FD9BCCC00933948;
			remoteInfo = ShieldActionExtension;
		};
		98B0B5902FDA594900933948 /* PBXContainerItemProxy */ = {
			isa = PBXContainerItemProxy;
			containerPortal = 9867839D2FA82DC20091CF6D /* Project object */;
			proxyType = 1;
			remoteGlobalIDString = 98B0B5872FDA594900933948;
			remoteInfo = DeviceMonitorActivityExtension;
		};
/* End PBXContainerItemProxy section */

/* Begin PBXCopyFilesBuildPhase section */
		98B0B55B2FD9BBFC00933948 /* Embed Foundation Extensions */ = {
			isa = PBXCopyFilesBuildPhase;
			buildActionMask = 2147483647;
			dstPath = "";
			dstSubfolderSpec = 13;
			files = (
				98B0B55A2FD9BBFC00933948 /* ShieldConfigurationExtension.appex in Embed Foundation Extensions */,
				98B0B5922FDA594900933948 /* DeviceMonitorActivityExtension.appex in Embed Foundation Extensions */,
				98B0B5712FD9BCCC00933948 /* ShieldActionExtension.appex in Embed Foundation Extensions */,
			);
			name = "Embed Foundation Extensions";
			runOnlyForDeploymentPostprocessing = 0;
		};
/* End PBXCopyFilesBuildPhase section */

/* Begin PBXFileReference section */
		986783A52FA82DC20091CF6D /* screenfare.app */ = {isa = PBXFileReference; explicitFileType = wrapper.application; includeInIndex = 0; path = screenfare.app; sourceTree = BUILT_PRODUCTS_DIR; };
		98B0B54D2FD9BBFC00933948 /* ShieldConfigurationExtension.appex */ = {isa = PBXFileReference; explicitFileType = "wrapper.app-extension"; includeInIndex = 0; path = ShieldConfigurationExtension.appex; sourceTree = BUILT_PRODUCTS_DIR; };
		98B0B54F2FD9BBFC00933948 /* ManagedSettings.framework */ = {isa = PBXFileReference; lastKnownFileType = wrapper.framework; name = ManagedSettings.framework; path = System/Library/Frameworks/ManagedSettings.framework; sourceTree = SDKROOT; };
		98B0B5512FD9BBFC00933948 /* ManagedSettingsUI.framework */ = {isa = PBXFileReference; lastKnownFileType = wrapper.framework; name = ManagedSettingsUI.framework; path = System/Library/Frameworks/ManagedSettingsUI.framework; sourceTree = SDKROOT; };
		98B0B5682FD9BCCC00933948 /* ShieldActionExtension.appex */ = {isa = PBXFileReference; explicitFileType = "wrapper.app-extension"; includeInIndex = 0; path = ShieldActionExtension.appex; sourceTree = BUILT_PRODUCTS_DIR; };
		98B0B5882FDA594900933948 /* DeviceMonitorActivityExtension.appex */ = {isa = PBXFileReference; explicitFileType = "wrapper.app-extension"; includeInIndex = 0; path = DeviceMonitorActivityExtension.appex; sourceTree = BUILT_PRODUCTS_DIR; };
		98B0B5892FDA594900933948 /* DeviceActivity.framework */ = {isa = PBXFileReference; lastKnownFileType = wrapper.framework; name = DeviceActivity.framework; path = System/Library/Frameworks/DeviceActivity.framework; sourceTree = SDKROOT; };
/* End PBXFileReference section */

/* Begin PBXFileSystemSynchronizedBuildFileExceptionSet section */
		987EF8192FA86B7B00F8DEDF /* Exceptions for "screenfare" folder in "screenfare" target */ = {
			isa = PBXFileSystemSynchronizedBuildFileExceptionSet;
			membershipExceptions = (
				Info.plist,
			);
			target = 986783A42FA82DC20091CF6D /* screenfare */;
		};
		98B0B55E2FD9BBFC00933948 /* Exceptions for "ShieldConfigurationExtension" folder in "ShieldConfigurationExtension" target */ = {
			isa = PBXFileSystemSynchronizedBuildFileExceptionSet;
			membershipExceptions = (
				Info.plist,
			);
			target = 98B0B54C2FD9BBFC00933948 /* ShieldConfigurationExtension */;
		};
		98B0B5722FD9BCCC00933948 /* Exceptions for "ShieldActionExtension" folder in "ShieldActionExtension" target */ = {
			isa = PBXFileSystemSynchronizedBuildFileExceptionSet;
			membershipExceptions = (
				Info.plist,
			);
			target = 98B0B5672FD9BCCC00933948 /* ShieldActionExtension */;
		};
		98B0B5932FDA594900933948 /* Exceptions for "DeviceMonitorActivityExtension" folder in "DeviceMonitorActivityExtension" target */ = {
			isa = PBXFileSystemSynchronizedBuildFileExceptionSet;
			membershipExceptions = (
				Info.plist,
			);
			target = 98B0B5872FDA594900933948 /* DeviceMonitorActivityExtension */;
		};
		98C7D4642FE4884E002453F8 /* Exceptions for "screenfare" folder in "ShieldConfigurationExtension" target */ = {
			isa = PBXFileSystemSynchronizedBuildFileExceptionSet;
			membershipExceptions = (
				Assets.xcassets,
			);
			target = 98B0B54C2FD9BBFC00933948 /* ShieldConfigurationExtension */;
		};
		98CD0BC32FE3DD74002B9B2A /* Exceptions for "screenfare" folder in "ShieldActionExtension" target */ = {
			isa = PBXFileSystemSynchronizedBuildFileExceptionSet;
			membershipExceptions = (
				Assets.xcassets,
			);
			target = 98B0B5672FD9BCCC00933948 /* ShieldActionExtension */;
		};
/* End PBXFileSystemSynchronizedBuildFileExceptionSet section */

/* Begin PBXFileSystemSynchronizedRootGroup section */
		986783A72FA82DC20091CF6D /* screenfare */ = {
			isa = PBXFileSystemSynchronizedRootGroup;
			exceptions = (
				987EF8192FA86B7B00F8DEDF /* Exceptions for "screenfare" folder in "screenfare" target */,
				98C7D4642FE4884E002453F8 /* Exceptions for "screenfare" folder in "ShieldConfigurationExtension" target */,
				98CD0BC32FE3DD74002B9B2A /* Exceptions for "screenfare" folder in "ShieldActionExtension" target */,
			);
			path = screenfare;
			sourceTree = "<group>";
		};
		98B0B5532FD9BBFC00933948 /* ShieldConfigurationExtension */ = {
			isa = PBXFileSystemSynchronizedRootGroup;
			exceptions = (
				98B0B55E2FD9BBFC00933948 /* Exceptions for "ShieldConfigurationExtension" folder in "ShieldConfigurationExtension" target */,
			);
			path = ShieldConfigurationExtension;
			sourceTree = "<group>";
		};
		98B0B56A2FD9BCCC00933948 /* ShieldActionExtension */ = {
			isa = PBXFileSystemSynchronizedRootGroup;
			exceptions = (
				98B0B5722FD9BCCC00933948 /* Exceptions for "ShieldActionExtension" folder in "ShieldActionExtension" target */,
			);
			path = ShieldActionExtension;
			sourceTree = "<group>";
		};
		98B0B58B2FDA594900933948 /* DeviceMonitorActivityExtension */ = {
			isa = PBXFileSystemSynchronizedRootGroup;
			exceptions = (
				98B0B5932FDA594900933948 /* Exceptions for "DeviceMonitorActivityExtension" folder in "DeviceMonitorActivityExtension" target */,
			);
			path = DeviceMonitorActivityExtension;
			sourceTree = "<group>";
		};
/* End PBXFileSystemSynchronizedRootGroup section */

/* Begin PBXFrameworksBuildPhase section */
		986783A22FA82DC20091CF6D /* Frameworks */ = {
			isa = PBXFrameworksBuildPhase;
			buildActionMask = 2147483647;
			files = (
			);
			runOnlyForDeploymentPostprocessing = 0;
		};
		98B0B54A2FD9BBFC00933948 /* Frameworks */ = {
			isa = PBXFrameworksBuildPhase;
			buildActionMask = 2147483647;
			files = (
				98B0B5502FD9BBFC00933948 /* ManagedSettings.framework in Frameworks */,
				98B0B5522FD9BBFC00933948 /* ManagedSettingsUI.framework in Frameworks */,
			);
			runOnlyForDeploymentPostprocessing = 0;
		};
		98B0B5652FD9BCCC00933948 /* Frameworks */ = {
			isa = PBXFrameworksBuildPhase;
			buildActionMask = 2147483647;
			files = (
				98B0B5692FD9BCCC00933948 /* ManagedSettings.framework in Frameworks */,
			);
			runOnlyForDeploymentPostprocessing = 0;
		};
		98B0B5852FDA594900933948 /* Frameworks */ = {
			isa = PBXFrameworksBuildPhase;
			buildActionMask = 2147483647;
			files = (
				98B0B58A2FDA594900933948 /* DeviceActivity.framework in Frameworks */,
			);
			runOnlyForDeploymentPostprocessing = 0;
		};
/* End PBXFrameworksBuildPhase section */

/* Begin PBXGroup section */
		9867839C2FA82DC20091CF6D = {
			isa = PBXGroup;
			children = (
				98B0B5532FD9BBFC00933948 /* ShieldConfigurationExtension */,
				98B0B56A2FD9BCCC00933948 /* ShieldActionExtension */,
				98B0B58B2FDA594900933948 /* DeviceMonitorActivityExtension */,
				98B0B54E2FD9BBFC00933948 /* Frameworks */,
				986783A62FA82DC20091CF6D /* Products */,
				986783A72FA82DC20091CF6D /* screenfare */,
			);
			sourceTree = "<group>";
		};
		986783A62FA82DC20091CF6D /* Products */ = {
			isa = PBXGroup;
			children = (
				986783A52FA82DC20091CF6D /* screenfare.app */,
				98B0B54D2FD9BBFC00933948 /* ShieldConfigurationExtension.appex */,
				98B0B5682FD9BCCC00933948 /* ShieldActionExtension.appex */,
				98B0B5882FDA594900933948 /* DeviceMonitorActivityExtension.appex */,
			);
			name = Products;
			sourceTree = "<group>";
		};
		98B0B54E2FD9BBFC00933948 /* Frameworks */ = {
			isa = PBXGroup;
			children = (
				98B0B54F2FD9BBFC00933948 /* ManagedSettings.framework */,
				98B0B5512FD9BBFC00933948 /* ManagedSettingsUI.framework */,
				98B0B5892FDA594900933948 /* DeviceActivity.framework */,
			);
			name = Frameworks;
			sourceTree = "<group>";
		};
/* End PBXGroup section */

/* Begin PBXNativeTarget section */
		986783A42FA82DC20091CF6D /* screenfare */ = {
			isa = PBXNativeTarget;
			buildConfigurationList = 986783B02FA82DC30091CF6D /* Build configuration list for PBXNativeTarget "screenfare" */;
			buildPhases = (
				986783A12FA82DC20091CF6D /* Sources */,
				986783A22FA82DC20091CF6D /* Frameworks */,
				986783A32FA82DC20091CF6D /* Resources */,
				98B0B55B2FD9BBFC00933948 /* Embed Foundation Extensions */,
			);
			buildRules = (
			);
			dependencies = (
				98B0B5592FD9BBFC00933948 /* PBXTargetDependency */,
				98B0B5702FD9BCCC00933948 /* PBXTargetDependency */,
				98B0B5912FDA594900933948 /* PBXTargetDependency */,
			);
			fileSystemSynchronizedGroups = (
				986783A72FA82DC20091CF6D /* screenfare */,
			);
			name = screenfare;
			packageProductDependencies = (
			);
			productName = screenfare;
			productReference = 986783A52FA82DC20091CF6D /* screenfare.app */;
			productType = "com.apple.product-type.application";
		};
		98B0B54C2FD9BBFC00933948 /* ShieldConfigurationExtension */ = {
			isa = PBXNativeTarget;
			buildConfigurationList = 98B0B55F2FD9BBFC00933948 /* Build configuration list for PBXNativeTarget "ShieldConfigurationExtension" */;
			buildPhases = (
				98B0B5492FD9BBFC00933948 /* Sources */,
				98B0B54A2FD9BBFC00933948 /* Frameworks */,
				98B0B54B2FD9BBFC00933948 /* Resources */,
			);
			buildRules = (
			);
			dependencies = (
			);
			fileSystemSynchronizedGroups = (
				98B0B5532FD9BBFC00933948 /* ShieldConfigurationExtension */,
			);
			name = ShieldConfigurationExtension;
			packageProductDependencies = (
			);
			productName = ShieldConfigurationExtension;
			productReference = 98B0B54D2FD9BBFC00933948 /* ShieldConfigurationExtension.appex */;
			productType = "com.apple.product-type.app-extension";
		};
		98B0B5672FD9BCCC00933948 /* ShieldActionExtension */ = {
			isa = PBXNativeTarget;
			buildConfigurationList = 98B0B5732FD9BCCC00933948 /* Build configuration list for PBXNativeTarget "ShieldActionExtension" */;
			buildPhases = (
				98B0B5642FD9BCCC00933948 /* Sources */,
				98B0B5652FD9BCCC00933948 /* Frameworks */,
				98B0B5662FD9BCCC00933948 /* Resources */,
			);
			buildRules = (
			);
			dependencies = (
			);
			fileSystemSynchronizedGroups = (
				98B0B56A2FD9BCCC00933948 /* ShieldActionExtension */,
			);
			name = ShieldActionExtension;
			packageProductDependencies = (
			);
			productName = ShieldActionExtension;
			productReference = 98B0B5682FD9BCCC00933948 /* ShieldActionExtension.appex */;
			productType = "com.apple.product-type.app-extension";
		};
		98B0B5872FDA594900933948 /* DeviceMonitorActivityExtension */ = {
			isa = PBXNativeTarget;
			buildConfigurationList = 98B0B5942FDA594900933948 /* Build configuration list for PBXNativeTarget "DeviceMonitorActivityExtension" */;
			buildPhases = (
				98B0B5842FDA594900933948 /* Sources */,
				98B0B5852FDA594900933948 /* Frameworks */,
				98B0B5862FDA594900933948 /* Resources */,
			);
			buildRules = (
			);
			dependencies = (
			);
			fileSystemSynchronizedGroups = (
				98B0B58B2FDA594900933948 /* DeviceMonitorActivityExtension */,
			);
			name = DeviceMonitorActivityExtension;
			packageProductDependencies = (
			);
			productName = DeviceMonitorActivityExtension;
			productReference = 98B0B5882FDA594900933948 /* DeviceMonitorActivityExtension.appex */;
			productType = "com.apple.product-type.app-extension";
		};
/* End PBXNativeTarget section */

/* Begin PBXProject section */
		9867839D2FA82DC20091CF6D /* Project object */ = {
			isa = PBXProject;
			attributes = {
				BuildIndependentTargetsInParallel = 1;
				LastSwiftUpdateCheck = 2640;
				LastUpgradeCheck = 2640;
				TargetAttributes = {
					986783A42FA82DC20091CF6D = {
						CreatedOnToolsVersion = 26.4.1;
					};
					98B0B54C2FD9BBFC00933948 = {
						CreatedOnToolsVersion = 26.4.1;
					};
					98B0B5672FD9BCCC00933948 = {
						CreatedOnToolsVersion = 26.4.1;
					};
					98B0B5872FDA594900933948 = {
						CreatedOnToolsVersion = 26.4.1;
					};
				};
			};
			buildConfigurationList = 986783A02FA82DC20091CF6D /* Build configuration list for PBXProject "screenfare" */;
			developmentRegion = en;
			hasScannedForEncodings = 0;
			knownRegions = (
				en,
				Base,
			);
			mainGroup = 9867839C2FA82DC20091CF6D;
			minimizedProjectReferenceProxies = 1;
			preferredProjectObjectVersion = 77;
			productRefGroup = 986783A62FA82DC20091CF6D /* Products */;
			projectDirPath = "";
			projectRoot = "";
			targets = (
				986783A42FA82DC20091CF6D /* screenfare */,
				98B0B54C2FD9BBFC00933948 /* ShieldConfigurationExtension */,
				98B0B5672FD9BCCC00933948 /* ShieldActionExtension */,
				98B0B5872FDA594900933948 /* DeviceMonitorActivityExtension */,
			);
		};
/* End PBXProject section */

/* Begin PBXResourcesBuildPhase section */
		986783A32FA82DC20091CF6D /* Resources */ = {
			isa = PBXResourcesBuildPhase;
			buildActionMask = 2147483647;
			files = (
			);
			runOnlyForDeploymentPostprocessing = 0;
		};
		98B0B54B2FD9BBFC00933948 /* Resources */ = {
			isa = PBXResourcesBuildPhase;
			buildActionMask = 2147483647;
			files = (
			);
			runOnlyForDeploymentPostprocessing = 0;
		};
		98B0B5662FD9BCCC00933948 /* Resources */ = {
			isa = PBXResourcesBuildPhase;
			buildActionMask = 2147483647;
			files = (
			);
			runOnlyForDeploymentPostprocessing = 0;
		};
		98B0B5862FDA594900933948 /* Resources */ = {
			isa = PBXResourcesBuildPhase;
			buildActionMask = 2147483647;
			files = (
			);
			runOnlyForDeploymentPostprocessing = 0;
		};
/* End PBXResourcesBuildPhase section */

/* Begin PBXSourcesBuildPhase section */
		986783A12FA82DC20091CF6D /* Sources */ = {
			isa = PBXSourcesBuildPhase;
			buildActionMask = 2147483647;
			files = (
			);
			runOnlyForDeploymentPostprocessing = 0;
		};
		98B0B5492FD9BBFC00933948 /* Sources */ = {
			isa = PBXSourcesBuildPhase;
			buildActionMask = 2147483647;
			files = (
			);
			runOnlyForDeploymentPostprocessing = 0;
		};
		98B0B5642FD9BCCC00933948 /* Sources */ = {
			isa = PBXSourcesBuildPhase;
			buildActionMask = 2147483647;
			files = (
			);
			runOnlyForDeploymentPostprocessing = 0;
		};
		98B0B5842FDA594900933948 /* Sources */ = {
			isa = PBXSourcesBuildPhase;
			buildActionMask = 2147483647;
			files = (
			);
			runOnlyForDeploymentPostprocessing = 0;
		};
/* End PBXSourcesBuildPhase section */

/* Begin PBXTargetDependency section */
		98B0B5592FD9BBFC00933948 /* PBXTargetDependency */ = {
			isa = PBXTargetDependency;
			target = 98B0B54C2FD9BBFC00933948 /* ShieldConfigurationExtension */;
			targetProxy = 98B0B5582FD9BBFC00933948 /* PBXContainerItemProxy */;
		};
		98B0B5702FD9BCCC00933948 /* PBXTargetDependency */ = {
			isa = PBXTargetDependency;
			target = 98B0B5672FD9BCCC00933948 /* ShieldActionExtension */;
			targetProxy = 98B0B56F2FD9BCCC00933948 /* PBXContainerItemProxy */;
		};
		98B0B5912FDA594900933948 /* PBXTargetDependency */ = {
			isa = PBXTargetDependency;
			target = 98B0B5872FDA594900933948 /* DeviceMonitorActivityExtension */;
			targetProxy = 98B0B5902FDA594900933948 /* PBXContainerItemProxy */;
		};
/* End PBXTargetDependency section */

/* Begin XCBuildConfiguration section */
		986783AE2FA82DC30091CF6D /* Debug */ = {
			isa = XCBuildConfiguration;
			buildSettings = {
				ALWAYS_SEARCH_USER_PATHS = NO;
				ASSETCATALOG_COMPILER_APPICON_NAME = AppIcon;
				ASSETCATALOG_COMPILER_GENERATE_SWIFT_ASSET_SYMBOL_EXTENSIONS = YES;
				CLANG_ANALYZER_NONNULL = YES;
				CLANG_ANALYZER_NUMBER_OBJECT_CONVERSION = YES_AGGRESSIVE;
				CLANG_CXX_LANGUAGE_STANDARD = "gnu++20";
				CLANG_ENABLE_MODULES = YES;
				CLANG_ENABLE_OBJC_ARC = YES;
				CLANG_ENABLE_OBJC_WEAK = YES;
				CLANG_WARN_BLOCK_CAPTURE_AUTORELEASING = YES;
				CLANG_WARN_BOOL_CONVERSION = YES;
				CLANG_WARN_COMMA = YES;
				CLANG_WARN_CONSTANT_CONVERSION = YES;
				CLANG_WARN_DEPRECATED_OBJC_IMPLEMENTATIONS = YES;
				CLANG_WARN_DIRECT_OBJC_ISA_USAGE = YES_ERROR;
				CLANG_WARN_DOCUMENTATION_COMMENTS = YES;
				CLANG_WARN_EMPTY_BODY = YES;
				CLANG_WARN_ENUM_CONVERSION = YES;
				CLANG_WARN_INFINITE_RECURSION = YES;
				CLANG_WARN_INT_CONVERSION = YES;
				CLANG_WARN_NON_LITERAL_NULL_CONVERSION = YES;
				CLANG_WARN_OBJC_IMPLICIT_RETAIN_SELF = YES;
				CLANG_WARN_OBJC_LITERAL_CONVERSION = YES;
				CLANG_WARN_OBJC_ROOT_CLASS = YES_ERROR;
				CLANG_WARN_QUOTED_INCLUDE_IN_FRAMEWORK_HEADER = YES;
				CLANG_WARN_RANGE_LOOP_ANALYSIS = YES;
				CLANG_WARN_STRICT_PROTOTYPES = YES;
				CLANG_WARN_SUSPICIOUS_MOVE = YES;
				CLANG_WARN_UNGUARDED_AVAILABILITY = YES_AGGRESSIVE;
				CLANG_WARN_UNREACHABLE_CODE = YES;
				CLANG_WARN__DUPLICATE_METHOD_MATCH = YES;
				COPY_PHASE_STRIP = NO;
				DEBUG_INFORMATION_FORMAT = dwarf;
				DEVELOPMENT_TEAM = 63JWSH47RD;
				ENABLE_STRICT_OBJC_MSGSEND = YES;
				ENABLE_TESTABILITY = YES;
				ENABLE_USER_SCRIPT_SANDBOXING = YES;
				GCC_C_LANGUAGE_STANDARD = gnu17;
				GCC_DYNAMIC_NO_PIC = NO;
				GCC_NO_COMMON_BLOCKS = YES;
				GCC_OPTIMIZATION_LEVEL = 0;
				GCC_PREPROCESSOR_DEFINITIONS = (
					"DEBUG=1",
					"$(inherited)",
				);
				GCC_WARN_64_TO_32_BIT_CONVERSION = YES;
				GCC_WARN_ABOUT_RETURN_TYPE = YES_ERROR;
				GCC_WARN_UNDECLARED_SELECTOR = YES;
				GCC_WARN_UNINITIALIZED_AUTOS = YES_AGGRESSIVE;
				GCC_WARN_UNUSED_FUNCTION = YES;
				GCC_WARN_UNUSED_VARIABLE = YES;
				IPHONEOS_DEPLOYMENT_TARGET = 26.4;
				LOCALIZATION_PREFERS_STRING_CATALOGS = YES;
				MTL_ENABLE_DEBUG_INFO = INCLUDE_SOURCE;
				MTL_FAST_MATH = YES;
				ONLY_ACTIVE_ARCH = YES;
				SDKROOT = iphoneos;
				SWIFT_ACTIVE_COMPILATION_CONDITIONS = "DEBUG $(inherited)";
				SWIFT_OPTIMIZATION_LEVEL = "-Onone";
			};
			name = Debug;
		};
		986783AF2FA82DC30091CF6D /* Release */ = {
			isa = XCBuildConfiguration;
			buildSettings = {
				ALWAYS_SEARCH_USER_PATHS = NO;
				ASSETCATALOG_COMPILER_APPICON_NAME = AppIcon;
				ASSETCATALOG_COMPILER_GENERATE_SWIFT_ASSET_SYMBOL_EXTENSIONS = YES;
				CLANG_ANALYZER_NONNULL = YES;
				CLANG_ANALYZER_NUMBER_OBJECT_CONVERSION = YES_AGGRESSIVE;
				CLANG_CXX_LANGUAGE_STANDARD = "gnu++20";
				CLANG_ENABLE_MODULES = YES;
				CLANG_ENABLE_OBJC_ARC = YES;
				CLANG_ENABLE_OBJC_WEAK = YES;
				CLANG_WARN_BLOCK_CAPTURE_AUTORELEASING = YES;
				CLANG_WARN_BOOL_CONVERSION = YES;
				CLANG_WARN_COMMA = YES;
				CLANG_WARN_CONSTANT_CONVERSION = YES;
				CLANG_WARN_DEPRECATED_OBJC_IMPLEMENTATIONS = YES;
				CLANG_WARN_DIRECT_OBJC_ISA_USAGE = YES_ERROR;
				CLANG_WARN_DOCUMENTATION_COMMENTS = YES;
				CLANG_WARN_EMPTY_BODY = YES;
				CLANG_WARN_ENUM_CONVERSION = YES;
				CLANG_WARN_INFINITE_RECURSION = YES;
				CLANG_WARN_INT_CONVERSION = YES;
				CLANG_WARN_NON_LITERAL_NULL_CONVERSION = YES;
				CLANG_WARN_OBJC_IMPLICIT_RETAIN_SELF = YES;
				CLANG_WARN_OBJC_LITERAL_CONVERSION = YES;
				CLANG_WARN_OBJC_ROOT_CLASS = YES_ERROR;
				CLANG_WARN_QUOTED_INCLUDE_IN_FRAMEWORK_HEADER = YES;
				CLANG_WARN_RANGE_LOOP_ANALYSIS = YES;
				CLANG_WARN_STRICT_PROTOTYPES = YES;
				CLANG_WARN_SUSPICIOUS_MOVE = YES;
				CLANG_WARN_UNGUARDED_AVAILABILITY = YES_AGGRESSIVE;
				CLANG_WARN_UNREACHABLE_CODE = YES;
				CLANG_WARN__DUPLICATE_METHOD_MATCH = YES;
				COPY_PHASE_STRIP = NO;
				DEBUG_INFORMATION_FORMAT = "dwarf-with-dsym";
				DEVELOPMENT_TEAM = 63JWSH47RD;
				ENABLE_NS_ASSERTIONS = NO;
				ENABLE_STRICT_OBJC_MSGSEND = YES;
				ENABLE_USER_SCRIPT_SANDBOXING = YES;
				GCC_C_LANGUAGE_STANDARD = gnu17;
				GCC_NO_COMMON_BLOCKS = YES;
				GCC_WARN_64_TO_32_BIT_CONVERSION = YES;
				GCC_WARN_ABOUT_RETURN_TYPE = YES_ERROR;
				GCC_WARN_UNDECLARED_SELECTOR = YES;
				GCC_WARN_UNINITIALIZED_AUTOS = YES_AGGRESSIVE;
				GCC_WARN_UNUSED_FUNCTION = YES;
				GCC_WARN_UNUSED_VARIABLE = YES;
				IPHONEOS_DEPLOYMENT_TARGET = 26.4;
				LOCALIZATION_PREFERS_STRING_CATALOGS = YES;
				MTL_ENABLE_DEBUG_INFO = NO;
				MTL_FAST_MATH = YES;
				SDKROOT = iphoneos;
				SWIFT_COMPILATION_MODE = wholemodule;
				VALIDATE_PRODUCT = YES;
			};
			name = Release;
		};
		986783B12FA82DC30091CF6D /* Debug */ = {
			isa = XCBuildConfiguration;
			buildSettings = {
				ASSETCATALOG_COMPILER_APPICON_NAME = AppIcon;
				ASSETCATALOG_COMPILER_GLOBAL_ACCENT_COLOR_NAME = AccentColor;
				ASSETCATALOG_COMPILER_STANDALONE_ICON_BEHAVIOR = all;
				CODE_SIGN_ENTITLEMENTS = screenfare/screenfare.entitlements;
				CODE_SIGN_IDENTITY = "Apple Development";
				CODE_SIGN_STYLE = Automatic;
				CURRENT_PROJECT_VERSION = 1;
				DEVELOPMENT_TEAM = 63JWSH47RD;
				ENABLE_ON_DEMAND_RESOURCES = NO;
				ENABLE_PREVIEWS = YES;
				GENERATE_INFOPLIST_FILE = YES;
				INFOPLIST_FILE = screenfare/Info.plist;
				INFOPLIST_KEY_UIApplicationSceneManifest_Generation = YES;
				INFOPLIST_KEY_UIApplicationSupportsIndirectInputEvents = YES;
				INFOPLIST_KEY_UILaunchScreen_Generation = YES;
				INFOPLIST_KEY_UISupportedInterfaceOrientations_iPad = "UIInterfaceOrientationPortrait UIInterfaceOrientationPortraitUpsideDown UIInterfaceOrientationLandscapeLeft UIInterfaceOrientationLandscapeRight";
				INFOPLIST_KEY_UISupportedInterfaceOrientations_iPhone = "UIInterfaceOrientationPortrait UIInterfaceOrientationLandscapeLeft UIInterfaceOrientationLandscapeRight";
				IPHONEOS_DEPLOYMENT_TARGET = 17.6;
				LD_RUNPATH_SEARCH_PATHS = (
					"$(inherited)",
					"@executable_path/Frameworks",
				);
				MARKETING_VERSION = 1.0.0;
				PRODUCT_BUNDLE_IDENTIFIER = esong.screenfare;
				PRODUCT_NAME = "$(TARGET_NAME)";
				PROVISIONING_PROFILE_SPECIFIER = "";
				STRING_CATALOG_GENERATE_SYMBOLS = YES;
				SWIFT_APPROACHABLE_CONCURRENCY = YES;
				SWIFT_DEFAULT_ACTOR_ISOLATION = MainActor;
				SWIFT_EMIT_LOC_STRINGS = YES;
				SWIFT_UPCOMING_FEATURE_MEMBER_IMPORT_VISIBILITY = YES;
				SWIFT_VERSION = 5.0;
				TARGETED_DEVICE_FAMILY = "1,2";
			};
			name = Debug;
		};
		986783B22FA82DC30091CF6D /* Release */ = {
			isa = XCBuildConfiguration;
			buildSettings = {
				ASSETCATALOG_COMPILER_APPICON_NAME = AppIcon;
				ASSETCATALOG_COMPILER_GLOBAL_ACCENT_COLOR_NAME = AccentColor;
				ASSETCATALOG_COMPILER_STANDALONE_ICON_BEHAVIOR = all;
				CODE_SIGN_ENTITLEMENTS = screenfare/screenfare.entitlements;
				CODE_SIGN_IDENTITY = "Apple Development";
				CODE_SIGN_STYLE = Automatic;
				CURRENT_PROJECT_VERSION = 1;
				DEVELOPMENT_TEAM = 63JWSH47RD;
				ENABLE_ON_DEMAND_RESOURCES = NO;
				ENABLE_PREVIEWS = YES;
				GENERATE_INFOPLIST_FILE = YES;
				INFOPLIST_FILE = screenfare/Info.plist;
				INFOPLIST_KEY_UIApplicationSceneManifest_Generation = YES;
				INFOPLIST_KEY_UIApplicationSupportsIndirectInputEvents = YES;
				INFOPLIST_KEY_UILaunchScreen_Generation = YES;
				INFOPLIST_KEY_UISupportedInterfaceOrientations_iPad = "UIInterfaceOrientationPortrait UIInterfaceOrientationPortraitUpsideDown UIInterfaceOrientationLandscapeLeft UIInterfaceOrientationLandscapeRight";
				INFOPLIST_KEY_UISupportedInterfaceOrientations_iPhone = "UIInterfaceOrientationPortrait UIInterfaceOrientationLandscapeLeft UIInterfaceOrientationLandscapeRight";
				IPHONEOS_DEPLOYMENT_TARGET = 17.6;
				LD_RUNPATH_SEARCH_PATHS = (
					"$(inherited)",
					"@executable_path/Frameworks",
				);
				MARKETING_VERSION = 1.0.0;
				PRODUCT_BUNDLE_IDENTIFIER = esong.screenfare;
				PRODUCT_NAME = "$(TARGET_NAME)";
				PROVISIONING_PROFILE_SPECIFIER = "";
				STRING_CATALOG_GENERATE_SYMBOLS = YES;
				SWIFT_APPROACHABLE_CONCURRENCY = YES;
				SWIFT_DEFAULT_ACTOR_ISOLATION = MainActor;
				SWIFT_EMIT_LOC_STRINGS = YES;
				SWIFT_UPCOMING_FEATURE_MEMBER_IMPORT_VISIBILITY = YES;
				SWIFT_VERSION = 5.0;
				TARGETED_DEVICE_FAMILY = "1,2";
			};
			name = Release;
		};
		98B0B55C2FD9BBFC00933948 /* Debug */ = {
			isa = XCBuildConfiguration;
			buildSettings = {
				CODE_SIGN_ENTITLEMENTS = ShieldConfigurationExtension/ShieldConfigurationExtension.entitlements;
				CODE_SIGN_IDENTITY = "Apple Development";
				CODE_SIGN_STYLE = Automatic;
				CURRENT_PROJECT_VERSION = 1;
				DEVELOPMENT_TEAM = 63JWSH47RD;
				GENERATE_INFOPLIST_FILE = YES;
				INFOPLIST_FILE = ShieldConfigurationExtension/Info.plist;
				INFOPLIST_KEY_CFBundleDisplayName = ShieldConfigurationExtension;
				INFOPLIST_KEY_NSHumanReadableCopyright = "";
				LD_RUNPATH_SEARCH_PATHS = (
					"$(inherited)",
					"@executable_path/Frameworks",
					"@executable_path/../../Frameworks",
				);
				MARKETING_VERSION = 1.0.0;
				PRODUCT_BUNDLE_IDENTIFIER = esong.screenfare.ShieldConfigurationExtension;
				PRODUCT_NAME = "$(TARGET_NAME)";
				SKIP_INSTALL = YES;
				STRING_CATALOG_GENERATE_SYMBOLS = YES;
				SWIFT_APPROACHABLE_CONCURRENCY = YES;
				SWIFT_EMIT_LOC_STRINGS = YES;
				SWIFT_UPCOMING_FEATURE_MEMBER_IMPORT_VISIBILITY = YES;
				SWIFT_VERSION = 5.0;
				TARGETED_DEVICE_FAMILY = "1,2";
			};
			name = Debug;
		};
		98B0B55D2FD9BBFC00933948 /* Release */ = {
			isa = XCBuildConfiguration;
			buildSettings = {
				CODE_SIGN_ENTITLEMENTS = ShieldConfigurationExtension/ShieldConfigurationExtension.entitlements;
				CODE_SIGN_IDENTITY = "Apple Development";
				CODE_SIGN_STYLE = Automatic;
				CURRENT_PROJECT_VERSION = 1;
				DEVELOPMENT_TEAM = 63JWSH47RD;
				GENERATE_INFOPLIST_FILE = YES;
				INFOPLIST_FILE = ShieldConfigurationExtension/Info.plist;
				INFOPLIST_KEY_CFBundleDisplayName = ShieldConfigurationExtension;
				INFOPLIST_KEY_NSHumanReadableCopyright = "";
				LD_RUNPATH_SEARCH_PATHS = (
					"$(inherited)",
					"@executable_path/Frameworks",
					"@executable_path/../../Frameworks",
				);
				MARKETING_VERSION = 1.0.0;
				PRODUCT_BUNDLE_IDENTIFIER = esong.screenfare.ShieldConfigurationExtension;
				PRODUCT_NAME = "$(TARGET_NAME)";
				SKIP_INSTALL = YES;
				STRING_CATALOG_GENERATE_SYMBOLS = YES;
				SWIFT_APPROACHABLE_CONCURRENCY = YES;
				SWIFT_EMIT_LOC_STRINGS = YES;
				SWIFT_UPCOMING_FEATURE_MEMBER_IMPORT_VISIBILITY = YES;
				SWIFT_VERSION = 5.0;
				TARGETED_DEVICE_FAMILY = "1,2";
			};
			name = Release;
		};
		98B0B5742FD9BCCC00933948 /* Debug */ = {
			isa = XCBuildConfiguration;
			buildSettings = {
				CODE_SIGN_ENTITLEMENTS = ShieldActionExtension/ShieldActionExtension.entitlements;
				CODE_SIGN_IDENTITY = "Apple Development";
				CODE_SIGN_STYLE = Automatic;
				CURRENT_PROJECT_VERSION = 1;
				DEVELOPMENT_TEAM = 63JWSH47RD;
				GENERATE_INFOPLIST_FILE = YES;
				INFOPLIST_FILE = ShieldActionExtension/Info.plist;
				INFOPLIST_KEY_CFBundleDisplayName = ShieldActionExtension;
				INFOPLIST_KEY_NSHumanReadableCopyright = "";
				LD_RUNPATH_SEARCH_PATHS = (
					"$(inherited)",
					"@executable_path/Frameworks",
					"@executable_path/../../Frameworks",
				);
				MARKETING_VERSION = 1.0.0;
				PRODUCT_BUNDLE_IDENTIFIER = esong.screenfare.ShieldActionExtension;
				PRODUCT_NAME = "$(TARGET_NAME)";
				SKIP_INSTALL = YES;
				STRING_CATALOG_GENERATE_SYMBOLS = YES;
				SWIFT_APPROACHABLE_CONCURRENCY = YES;
				SWIFT_EMIT_LOC_STRINGS = YES;
				SWIFT_UPCOMING_FEATURE_MEMBER_IMPORT_VISIBILITY = YES;
				SWIFT_VERSION = 5.0;
				TARGETED_DEVICE_FAMILY = "1,2";
			};
			name = Debug;
		};
		98B0B5752FD9BCCC00933948 /* Release */ = {
			isa = XCBuildConfiguration;
			buildSettings = {
				CODE_SIGN_ENTITLEMENTS = ShieldActionExtension/ShieldActionExtension.entitlements;
				CODE_SIGN_IDENTITY = "Apple Development";
				CODE_SIGN_STYLE = Automatic;
				CURRENT_PROJECT_VERSION = 1;
				DEVELOPMENT_TEAM = 63JWSH47RD;
				GENERATE_INFOPLIST_FILE = YES;
				INFOPLIST_FILE = ShieldActionExtension/Info.plist;
				INFOPLIST_KEY_CFBundleDisplayName = ShieldActionExtension;
				INFOPLIST_KEY_NSHumanReadableCopyright = "";
				LD_RUNPATH_SEARCH_PATHS = (
					"$(inherited)",
					"@executable_path/Frameworks",
					"@executable_path/../../Frameworks",
				);
				MARKETING_VERSION = 1.0.0;
				PRODUCT_BUNDLE_IDENTIFIER = esong.screenfare.ShieldActionExtension;
				PRODUCT_NAME = "$(TARGET_NAME)";
				SKIP_INSTALL = YES;
				STRING_CATALOG_GENERATE_SYMBOLS = YES;
				SWIFT_APPROACHABLE_CONCURRENCY = YES;
				SWIFT_EMIT_LOC_STRINGS = YES;
				SWIFT_UPCOMING_FEATURE_MEMBER_IMPORT_VISIBILITY = YES;
				SWIFT_VERSION = 5.0;
				TARGETED_DEVICE_FAMILY = "1,2";
			};
			name = Release;
		};
		98B0B5952FDA594900933948 /* Debug */ = {
			isa = XCBuildConfiguration;
			buildSettings = {
				CODE_SIGN_ENTITLEMENTS = DeviceMonitorActivityExtension/DeviceMonitorActivityExtension.entitlements;
				CODE_SIGN_IDENTITY = "Apple Development";
				CODE_SIGN_STYLE = Automatic;
				CURRENT_PROJECT_VERSION = 1;
				DEVELOPMENT_TEAM = 63JWSH47RD;
				GENERATE_INFOPLIST_FILE = YES;
				INFOPLIST_FILE = DeviceMonitorActivityExtension/Info.plist;
				INFOPLIST_KEY_CFBundleDisplayName = DeviceMonitorActivityExtension;
				INFOPLIST_KEY_NSHumanReadableCopyright = "";
				LD_RUNPATH_SEARCH_PATHS = (
					"$(inherited)",
					"@executable_path/Frameworks",
					"@executable_path/../../Frameworks",
				);
				MARKETING_VERSION = 1.0.0;
				PRODUCT_BUNDLE_IDENTIFIER = esong.screenfare.DeviceMonitorActivityExtension;
				PRODUCT_NAME = "$(TARGET_NAME)";
				SKIP_INSTALL = YES;
				STRING_CATALOG_GENERATE_SYMBOLS = YES;
				SWIFT_APPROACHABLE_CONCURRENCY = YES;
				SWIFT_EMIT_LOC_STRINGS = YES;
				SWIFT_UPCOMING_FEATURE_MEMBER_IMPORT_VISIBILITY = YES;
				SWIFT_VERSION = 5.0;
				TARGETED_DEVICE_FAMILY = "1,2";
			};
			name = Debug;
		};
		98B0B5962FDA594900933948 /* Release */ = {
			isa = XCBuildConfiguration;
			buildSettings = {
				CODE_SIGN_ENTITLEMENTS = DeviceMonitorActivityExtension/DeviceMonitorActivityExtension.entitlements;
				CODE_SIGN_IDENTITY = "Apple Development";
				CODE_SIGN_STYLE = Automatic;
				CURRENT_PROJECT_VERSION = 1;
				DEVELOPMENT_TEAM = 63JWSH47RD;
				GENERATE_INFOPLIST_FILE = YES;
				INFOPLIST_FILE = DeviceMonitorActivityExtension/Info.plist;
				INFOPLIST_KEY_CFBundleDisplayName = DeviceMonitorActivityExtension;
				INFOPLIST_KEY_NSHumanReadableCopyright = "";
				LD_RUNPATH_SEARCH_PATHS = (
					"$(inherited)",
					"@executable_path/Frameworks",
					"@executable_path/../../Frameworks",
				);
				MARKETING_VERSION = 1.0.0;
				PRODUCT_BUNDLE_IDENTIFIER = esong.screenfare.DeviceMonitorActivityExtension;
				PRODUCT_NAME = "$(TARGET_NAME)";
				SKIP_INSTALL = YES;
				STRING_CATALOG_GENERATE_SYMBOLS = YES;
				SWIFT_APPROACHABLE_CONCURRENCY = YES;
				SWIFT_EMIT_LOC_STRINGS = YES;
				SWIFT_UPCOMING_FEATURE_MEMBER_IMPORT_VISIBILITY = YES;
				SWIFT_VERSION = 5.0;
				TARGETED_DEVICE_FAMILY = "1,2";
			};
			name = Release;
		};
/* End XCBuildConfiguration section */

/* Begin XCConfigurationList section */
		986783A02FA82DC20091CF6D /* Build configuration list for PBXProject "screenfare" */ = {
			isa = XCConfigurationList;
			buildConfigurations = (
				986783AE2FA82DC30091CF6D /* Debug */,
				986783AF2FA82DC30091CF6D /* Release */,
			);
			defaultConfigurationIsVisible = 0;
			defaultConfigurationName = Release;
		};
		986783B02FA82DC30091CF6D /* Build configuration list for PBXNativeTarget "screenfare" */ = {
			isa = XCConfigurationList;
			buildConfigurations = (
				986783B12FA82DC30091CF6D /* Debug */,
				986783B22FA82DC30091CF6D /* Release */,
			);
			defaultConfigurationIsVisible = 0;
			defaultConfigurationName = Release;
		};
		98B0B55F2FD9BBFC00933948 /* Build configuration list for PBXNativeTarget "ShieldConfigurationExtension" */ = {
			isa = XCConfigurationList;
			buildConfigurations = (
				98B0B55C2FD9BBFC00933948 /* Debug */,
				98B0B55D2FD9BBFC00933948 /* Release */,
			);
			defaultConfigurationIsVisible = 0;
			defaultConfigurationName = Release;
		};
		98B0B5732FD9BCCC00933948 /* Build configuration list for PBXNativeTarget "ShieldActionExtension" */ = {
			isa = XCConfigurationList;
			buildConfigurations = (
				98B0B5742FD9BCCC00933948 /* Debug */,
				98B0B5752FD9BCCC00933948 /* Release */,
			);
			defaultConfigurationIsVisible = 0;
			defaultConfigurationName = Release;
		};
		98B0B5942FDA594900933948 /* Build configuration list for PBXNativeTarget "DeviceMonitorActivityExtension" */ = {
			isa = XCConfigurationList;
			buildConfigurations = (
				98B0B5952FDA594900933948 /* Debug */,
				98B0B5962FDA594900933948 /* Release */,
			);
			defaultConfigurationIsVisible = 0;
			defaultConfigurationName = Release;
		};
/* End XCConfigurationList section */
	};
	rootObject = 9867839D2FA82DC20091CF6D /* Project object */;
}
